# THIS IS AN AUTOGENERATED FILE. DO NOT EDIT THIS FILE DIRECTLY.
# yarn lockfile v1


js-meter@^1.1.4:
  version "1.1.4"
  resolved "https://registry.yarnpkg.com/js-meter/-/js-meter-1.1.4.tgz#28e27d1a01ad2adbe6d8df742afc0a230687a339"
  integrity sha512-Ek2SEnnxNyLSu5KCBV0pWutrjbM51N3xlaS6yMXPxkQdVq2W4wrjGFbbeX7f2R0f56PA/N4UX0wliWFfsqdGsw==
